
Microsoft Visual Studio Solution File, Format Version 11.00
# Visual Studio 2010
Project("{FAE04EC0-301F-11D3-BF4B-00C04F79EFBC}") = "SQLite-Community.CSharpSqlite.SQLiteClient", "SQLite-Community.CSharpSqlite.SQLiteClient\SQLite-Community.CSharpSqlite.SQLiteClient.csproj", "{947D2DC8-61D6-4A9B-8A25-F9465E82CC23}"
EndProject
Project("{FAE04EC0-301F-11D3-BF4B-00C04F79EFBC}") = "Dependancies-Mono.GetOptions", "Dependancies-Mono.GetOptions\Dependancies-Mono.GetOptions.csproj", "{55001B48-D122-49BF-B403-742ED88415FA}"
EndProject
Project("{FAE04EC0-301F-11D3-BF4B-00C04F79EFBC}") = "SQLInterfaces", "SQLInterfaces\SQLInterfaces.csproj", "{01DB7DA2-7370-431F-8B37-17B2B9780B78}"
	ProjectSection(ProjectDependencies) = postProject
		{A9CB2922-DEA6-4BA9-BDD6-DD26A9033D3D} = {A9CB2922-DEA6-4BA9-BDD6-DD26A9033D3D}
		{6BBE7C2C-6E05-484B-B84F-B37328B059AF} = {6BBE7C2C-6E05-484B-B84F-B37328B059AF}
		{55001B48-D122-49BF-B403-742ED88415FA} = {55001B48-D122-49BF-B403-742ED88415FA}
		{3290E74F-C9F5-4452-94C2-726A003FA6DA} = {3290E74F-C9F5-4452-94C2-726A003FA6DA}
		{D5E8BD6E-02CD-4F6B-918E-3E6B949F5F5A} = {D5E8BD6E-02CD-4F6B-918E-3E6B949F5F5A}
		{FF12AA73-57F9-4FFB-B063-0C29B25DCFD3} = {FF12AA73-57F9-4FFB-B063-0C29B25DCFD3}
		{B4F81995-CCEF-41F8-9B39-58ABD0A0A37C} = {B4F81995-CCEF-41F8-9B39-58ABD0A0A37C}
		{B1F4CFB4-0005-4D7D-812B-4D795CF41FFA} = {B1F4CFB4-0005-4D7D-812B-4D795CF41FFA}
		{FF2D31BB-807B-4555-B008-5DA5250D5131} = {FF2D31BB-807B-4555-B008-5DA5250D5131}
		{947D2DC8-61D6-4A9B-8A25-F9465E82CC23} = {947D2DC8-61D6-4A9B-8A25-F9465E82CC23}
		{A58981DA-C464-441D-9D1A-98ED63D5B40C} = {A58981DA-C464-441D-9D1A-98ED63D5B40C}
		{4D6BD2E2-7B31-4952-9259-303C31F15735} = {4D6BD2E2-7B31-4952-9259-303C31F15735}
		{0452E0EE-14E4-4634-977B-3F63C39E300E} = {0452E0EE-14E4-4634-977B-3F63C39E300E}
		{863C92F7-DA37-4225-96CF-9A313FDF0591} = {863C92F7-DA37-4225-96CF-9A313FDF0591}
		{8ABF9AF9-A342-4178-9890-8739084AF711} = {8ABF9AF9-A342-4178-9890-8739084AF711}
		{60AF28FB-E44E-4EE7-9F31-15365710D995} = {60AF28FB-E44E-4EE7-9F31-15365710D995}
		{4F36DDFD-9C99-4F10-B0B6-69E9CA3499BE} = {4F36DDFD-9C99-4F10-B0B6-69E9CA3499BE}
	EndProjectSection
EndProject
Project("{FAE04EC0-301F-11D3-BF4B-00C04F79EFBC}") = "SQLite-Mono.Data.SQLite", "SQLite-Mono.Data.SQLite\SQLite-Mono.Data.SQLite.csproj", "{863C92F7-DA37-4225-96CF-9A313FDF0591}"
EndProject
Project("{FAE04EC0-301F-11D3-BF4B-00C04F79EFBC}") = "SQLite-System.Data.SQLite", "SQLite-System.Data.SQLite\SQLite-System.Data.SQLite.csproj", "{FF12AA73-57F9-4FFB-B063-0C29B25DCFD3}"
EndProject
Project("{FAE04EC0-301F-11D3-BF4B-00C04F79EFBC}") = "Db4o-Official", "Db4o-Official\Db4o-Official.csproj", "{4F36DDFD-9C99-4F10-B0B6-69E9CA3499BE}"
	ProjectSection(ProjectDependencies) = postProject
		{6BBE7C2C-6E05-484B-B84F-B37328B059AF} = {6BBE7C2C-6E05-484B-B84F-B37328B059AF}
		{55001B48-D122-49BF-B403-742ED88415FA} = {55001B48-D122-49BF-B403-742ED88415FA}
		{3290E74F-C9F5-4452-94C2-726A003FA6DA} = {3290E74F-C9F5-4452-94C2-726A003FA6DA}
		{FF2D31BB-807B-4555-B008-5DA5250D5131} = {FF2D31BB-807B-4555-B008-5DA5250D5131}
		{4D6BD2E2-7B31-4952-9259-303C31F15735} = {4D6BD2E2-7B31-4952-9259-303C31F15735}
		{8ABF9AF9-A342-4178-9890-8739084AF711} = {8ABF9AF9-A342-4178-9890-8739084AF711}
	EndProjectSection
EndProject
Project("{FAE04EC0-301F-11D3-BF4B-00C04F79EFBC}") = "Dependancies-Mono.Cecil", "Dependancies-Mono.Cecil\Dependancies-Mono.Cecil.csproj", "{6BBE7C2C-6E05-484B-B84F-B37328B059AF}"
EndProject
Project("{FAE04EC0-301F-11D3-BF4B-00C04F79EFBC}") = "Dependancies-Mono.Reflection", "Dependancies-Mono.Reflection\Dependancies-Mono.Reflection.csproj", "{8ABF9AF9-A342-4178-9890-8739084AF711}"
EndProject
Project("{FAE04EC0-301F-11D3-BF4B-00C04F79EFBC}") = "Dependancies-Cecil.FlowAnalysis", "Dependancies-Cecil.FlowAnalysis\Dependancies-Cecil.FlowAnalysis.csproj", "{FF2D31BB-807B-4555-B008-5DA5250D5131}"
	ProjectSection(ProjectDependencies) = postProject
		{6BBE7C2C-6E05-484B-B84F-B37328B059AF} = {6BBE7C2C-6E05-484B-B84F-B37328B059AF}
	EndProjectSection
EndProject
Project("{FAE04EC0-301F-11D3-BF4B-00C04F79EFBC}") = "Dependancies-Moq", "Dependancies-Moq\Dependancies-Moq.csproj", "{3290E74F-C9F5-4452-94C2-726A003FA6DA}"
	ProjectSection(ProjectDependencies) = postProject
		{947D2DC8-61D6-4A9B-8A25-F9465E82CC23} = {947D2DC8-61D6-4A9B-8A25-F9465E82CC23}
		{4D6BD2E2-7B31-4952-9259-303C31F15735} = {4D6BD2E2-7B31-4952-9259-303C31F15735}
	EndProjectSection
EndProject
Project("{FAE04EC0-301F-11D3-BF4B-00C04F79EFBC}") = "Dependancies-Castle.Core", "Dependancies-Castle.Core\Dependancies-Castle.Core.csproj", "{4D6BD2E2-7B31-4952-9259-303C31F15735}"
EndProject
Project("{FAE04EC0-301F-11D3-BF4B-00C04F79EFBC}") = "BerkeleyDB-Official", "BerkeleyDB-Official\BerkeleyDB-Official.csproj", "{B1F4CFB4-0005-4D7D-812B-4D795CF41FFA}"
EndProject
Project("{FAE04EC0-301F-11D3-BF4B-00C04F79EFBC}") = "PostgreSQL-Npgsql", "PostgreSQL-Npgsql\PostgreSQL-Npgsql.csproj", "{D5E8BD6E-02CD-4F6B-918E-3E6B949F5F5A}"
EndProject
Project("{FAE04EC0-301F-11D3-BF4B-00C04F79EFBC}") = "DB2-IBM.Data.DB2", "DB2-IBM.Data.DB2\DB2-IBM.Data.DB2.csproj", "{A58981DA-C464-441D-9D1A-98ED63D5B40C}"
EndProject
Project("{FAE04EC0-301F-11D3-BF4B-00C04F79EFBC}") = "FirebirdSQL-Official", "FirebirdSQL-Official\FirebirdSQL-Official.csproj", "{60AF28FB-E44E-4EE7-9F31-15365710D995}"
EndProject
Project("{FAE04EC0-301F-11D3-BF4B-00C04F79EFBC}") = "HyperNetDB-Official", "HyperNetDB-Official\HyperNetDB-Official.csproj", "{A9CB2922-DEA6-4BA9-BDD6-DD26A9033D3D}"
EndProject
Project("{FAE04EC0-301F-11D3-BF4B-00C04F79EFBC}") = "MySQL-Official", "MySQL-Official\MySQL-Official.csproj", "{B4F81995-CCEF-41F8-9B39-58ABD0A0A37C}"
EndProject
Project("{FAE04EC0-301F-11D3-BF4B-00C04F79EFBC}") = "NeoDatis-Official", "NeoDatis-Official\NeoDatis-Official.csproj", "{0452E0EE-14E4-4634-977B-3F63C39E300E}"
EndProject
Global
	GlobalSection(SolutionConfigurationPlatforms) = preSolution
		ASCII Debug|Any CPU = ASCII Debug|Any CPU
		ASCII Debug|x86 = ASCII Debug|x86
		ASCII Release|Any CPU = ASCII Release|Any CPU
		ASCII Release|x86 = ASCII Release|x86
		Debug AMD64|Any CPU = Debug AMD64|Any CPU
		Debug AMD64|x86 = Debug AMD64|x86
		Debug IA64|Any CPU = Debug IA64|Any CPU
		Debug IA64|x86 = Debug IA64|x86
		Debug|Any CPU = Debug|Any CPU
		Debug|x86 = Debug|x86
		Release AMD64|Any CPU = Release AMD64|Any CPU
		Release AMD64|x86 = Release AMD64|x86
		Release IA64|Any CPU = Release IA64|Any CPU
		Release IA64|x86 = Release IA64|x86
		Release|Any CPU = Release|Any CPU
		Release|x86 = Release|x86
	EndGlobalSection
	GlobalSection(ProjectConfigurationPlatforms) = postSolution
		{947D2DC8-61D6-4A9B-8A25-F9465E82CC23}.ASCII Debug|Any CPU.ActiveCfg = Release|Any CPU
		{947D2DC8-61D6-4A9B-8A25-F9465E82CC23}.ASCII Debug|Any CPU.Build.0 = Release|Any CPU
		{947D2DC8-61D6-4A9B-8A25-F9465E82CC23}.ASCII Debug|x86.ActiveCfg = Release|Any CPU
		{947D2DC8-61D6-4A9B-8A25-F9465E82CC23}.ASCII Release|Any CPU.ActiveCfg = Release|Any CPU
		{947D2DC8-61D6-4A9B-8A25-F9465E82CC23}.ASCII Release|Any CPU.Build.0 = Release|Any CPU
		{947D2DC8-61D6-4A9B-8A25-F9465E82CC23}.ASCII Release|x86.ActiveCfg = Release|Any CPU
		{947D2DC8-61D6-4A9B-8A25-F9465E82CC23}.Debug AMD64|Any CPU.ActiveCfg = Release|Any CPU
		{947D2DC8-61D6-4A9B-8A25-F9465E82CC23}.Debug AMD64|Any CPU.Build.0 = Release|Any CPU
		{947D2DC8-61D6-4A9B-8A25-F9465E82CC23}.Debug AMD64|x86.ActiveCfg = Release|Any CPU
		{947D2DC8-61D6-4A9B-8A25-F9465E82CC23}.Debug IA64|Any CPU.ActiveCfg = Release|Any CPU
		{947D2DC8-61D6-4A9B-8A25-F9465E82CC23}.Debug IA64|Any CPU.Build.0 = Release|Any CPU
		{947D2DC8-61D6-4A9B-8A25-F9465E82CC23}.Debug IA64|x86.ActiveCfg = Release|Any CPU
		{947D2DC8-61D6-4A9B-8A25-F9465E82CC23}.Debug|Any CPU.ActiveCfg = Release|Any CPU
		{947D2DC8-61D6-4A9B-8A25-F9465E82CC23}.Debug|Any CPU.Build.0 = Release|Any CPU
		{947D2DC8-61D6-4A9B-8A25-F9465E82CC23}.Debug|x86.ActiveCfg = Release|Any CPU
		{947D2DC8-61D6-4A9B-8A25-F9465E82CC23}.Release AMD64|Any CPU.ActiveCfg = Release|Any CPU
		{947D2DC8-61D6-4A9B-8A25-F9465E82CC23}.Release AMD64|Any CPU.Build.0 = Release|Any CPU
		{947D2DC8-61D6-4A9B-8A25-F9465E82CC23}.Release AMD64|x86.ActiveCfg = Release|Any CPU
		{947D2DC8-61D6-4A9B-8A25-F9465E82CC23}.Release IA64|Any CPU.ActiveCfg = Release|Any CPU
		{947D2DC8-61D6-4A9B-8A25-F9465E82CC23}.Release IA64|Any CPU.Build.0 = Release|Any CPU
		{947D2DC8-61D6-4A9B-8A25-F9465E82CC23}.Release IA64|x86.ActiveCfg = Release|Any CPU
		{947D2DC8-61D6-4A9B-8A25-F9465E82CC23}.Release|Any CPU.ActiveCfg = Release|Any CPU
		{947D2DC8-61D6-4A9B-8A25-F9465E82CC23}.Release|Any CPU.Build.0 = Release|Any CPU
		{947D2DC8-61D6-4A9B-8A25-F9465E82CC23}.Release|x86.ActiveCfg = Release|Any CPU
		{55001B48-D122-49BF-B403-742ED88415FA}.ASCII Debug|Any CPU.ActiveCfg = Release|Any CPU
		{55001B48-D122-49BF-B403-742ED88415FA}.ASCII Debug|Any CPU.Build.0 = Release|Any CPU
		{55001B48-D122-49BF-B403-742ED88415FA}.ASCII Debug|x86.ActiveCfg = Release|Any CPU
		{55001B48-D122-49BF-B403-742ED88415FA}.ASCII Release|Any CPU.ActiveCfg = Release|Any CPU
		{55001B48-D122-49BF-B403-742ED88415FA}.ASCII Release|Any CPU.Build.0 = Release|Any CPU
		{55001B48-D122-49BF-B403-742ED88415FA}.ASCII Release|x86.ActiveCfg = Release|Any CPU
		{55001B48-D122-49BF-B403-742ED88415FA}.Debug AMD64|Any CPU.ActiveCfg = Release|Any CPU
		{55001B48-D122-49BF-B403-742ED88415FA}.Debug AMD64|Any CPU.Build.0 = Release|Any CPU
		{55001B48-D122-49BF-B403-742ED88415FA}.Debug AMD64|x86.ActiveCfg = Release|Any CPU
		{55001B48-D122-49BF-B403-742ED88415FA}.Debug IA64|Any CPU.ActiveCfg = Release|Any CPU
		{55001B48-D122-49BF-B403-742ED88415FA}.Debug IA64|Any CPU.Build.0 = Release|Any CPU
		{55001B48-D122-49BF-B403-742ED88415FA}.Debug IA64|x86.ActiveCfg = Release|Any CPU
		{55001B48-D122-49BF-B403-742ED88415FA}.Debug|Any CPU.ActiveCfg = Release|Any CPU
		{55001B48-D122-49BF-B403-742ED88415FA}.Debug|Any CPU.Build.0 = Release|Any CPU
		{55001B48-D122-49BF-B403-742ED88415FA}.Debug|x86.ActiveCfg = Release|Any CPU
		{55001B48-D122-49BF-B403-742ED88415FA}.Release AMD64|Any CPU.ActiveCfg = Release|Any CPU
		{55001B48-D122-49BF-B403-742ED88415FA}.Release AMD64|Any CPU.Build.0 = Release|Any CPU
		{55001B48-D122-49BF-B403-742ED88415FA}.Release AMD64|x86.ActiveCfg = Release|Any CPU
		{55001B48-D122-49BF-B403-742ED88415FA}.Release IA64|Any CPU.ActiveCfg = Release|Any CPU
		{55001B48-D122-49BF-B403-742ED88415FA}.Release IA64|Any CPU.Build.0 = Release|Any CPU
		{55001B48-D122-49BF-B403-742ED88415FA}.Release IA64|x86.ActiveCfg = Release|Any CPU
		{55001B48-D122-49BF-B403-742ED88415FA}.Release|Any CPU.ActiveCfg = Release|Any CPU
		{55001B48-D122-49BF-B403-742ED88415FA}.Release|Any CPU.Build.0 = Release|Any CPU
		{55001B48-D122-49BF-B403-742ED88415FA}.Release|x86.ActiveCfg = Release|Any CPU
		{01DB7DA2-7370-431F-8B37-17B2B9780B78}.ASCII Debug|Any CPU.ActiveCfg = Release|Any CPU
		{01DB7DA2-7370-431F-8B37-17B2B9780B78}.ASCII Debug|Any CPU.Build.0 = Release|Any CPU
		{01DB7DA2-7370-431F-8B37-17B2B9780B78}.ASCII Debug|x86.ActiveCfg = Release|Any CPU
		{01DB7DA2-7370-431F-8B37-17B2B9780B78}.ASCII Release|Any CPU.ActiveCfg = Release|Any CPU
		{01DB7DA2-7370-431F-8B37-17B2B9780B78}.ASCII Release|Any CPU.Build.0 = Release|Any CPU
		{01DB7DA2-7370-431F-8B37-17B2B9780B78}.ASCII Release|x86.ActiveCfg = Release|Any CPU
		{01DB7DA2-7370-431F-8B37-17B2B9780B78}.Debug AMD64|Any CPU.ActiveCfg = Release|Any CPU
		{01DB7DA2-7370-431F-8B37-17B2B9780B78}.Debug AMD64|Any CPU.Build.0 = Release|Any CPU
		{01DB7DA2-7370-431F-8B37-17B2B9780B78}.Debug AMD64|x86.ActiveCfg = Release|Any CPU
		{01DB7DA2-7370-431F-8B37-17B2B9780B78}.Debug IA64|Any CPU.ActiveCfg = Release|Any CPU
		{01DB7DA2-7370-431F-8B37-17B2B9780B78}.Debug IA64|Any CPU.Build.0 = Release|Any CPU
		{01DB7DA2-7370-431F-8B37-17B2B9780B78}.Debug IA64|x86.ActiveCfg = Release|Any CPU
		{01DB7DA2-7370-431F-8B37-17B2B9780B78}.Debug|Any CPU.ActiveCfg = Release|Any CPU
		{01DB7DA2-7370-431F-8B37-17B2B9780B78}.Debug|Any CPU.Build.0 = Release|Any CPU
		{01DB7DA2-7370-431F-8B37-17B2B9780B78}.Debug|x86.ActiveCfg = Release|Any CPU
		{01DB7DA2-7370-431F-8B37-17B2B9780B78}.Release AMD64|Any CPU.ActiveCfg = Release|Any CPU
		{01DB7DA2-7370-431F-8B37-17B2B9780B78}.Release AMD64|Any CPU.Build.0 = Release|Any CPU
		{01DB7DA2-7370-431F-8B37-17B2B9780B78}.Release AMD64|x86.ActiveCfg = Release|Any CPU
		{01DB7DA2-7370-431F-8B37-17B2B9780B78}.Release IA64|Any CPU.ActiveCfg = Release|Any CPU
		{01DB7DA2-7370-431F-8B37-17B2B9780B78}.Release IA64|Any CPU.Build.0 = Release|Any CPU
		{01DB7DA2-7370-431F-8B37-17B2B9780B78}.Release IA64|x86.ActiveCfg = Release|Any CPU
		{01DB7DA2-7370-431F-8B37-17B2B9780B78}.Release|Any CPU.ActiveCfg = Release|Any CPU
		{01DB7DA2-7370-431F-8B37-17B2B9780B78}.Release|Any CPU.Build.0 = Release|Any CPU
		{01DB7DA2-7370-431F-8B37-17B2B9780B78}.Release|x86.ActiveCfg = Release|Any CPU
		{863C92F7-DA37-4225-96CF-9A313FDF0591}.ASCII Debug|Any CPU.ActiveCfg = Release|Any CPU
		{863C92F7-DA37-4225-96CF-9A313FDF0591}.ASCII Debug|Any CPU.Build.0 = Release|Any CPU
		{863C92F7-DA37-4225-96CF-9A313FDF0591}.ASCII Debug|x86.ActiveCfg = Release|Any CPU
		{863C92F7-DA37-4225-96CF-9A313FDF0591}.ASCII Release|Any CPU.ActiveCfg = Release|Any CPU
		{863C92F7-DA37-4225-96CF-9A313FDF0591}.ASCII Release|Any CPU.Build.0 = Release|Any CPU
		{863C92F7-DA37-4225-96CF-9A313FDF0591}.ASCII Release|x86.ActiveCfg = Release|Any CPU
		{863C92F7-DA37-4225-96CF-9A313FDF0591}.Debug AMD64|Any CPU.ActiveCfg = Release|Any CPU
		{863C92F7-DA37-4225-96CF-9A313FDF0591}.Debug AMD64|Any CPU.Build.0 = Release|Any CPU
		{863C92F7-DA37-4225-96CF-9A313FDF0591}.Debug AMD64|x86.ActiveCfg = Release|Any CPU
		{863C92F7-DA37-4225-96CF-9A313FDF0591}.Debug IA64|Any CPU.ActiveCfg = Release|Any CPU
		{863C92F7-DA37-4225-96CF-9A313FDF0591}.Debug IA64|Any CPU.Build.0 = Release|Any CPU
		{863C92F7-DA37-4225-96CF-9A313FDF0591}.Debug IA64|x86.ActiveCfg = Release|Any CPU
		{863C92F7-DA37-4225-96CF-9A313FDF0591}.Debug|Any CPU.ActiveCfg = Release|Any CPU
		{863C92F7-DA37-4225-96CF-9A313FDF0591}.Debug|Any CPU.Build.0 = Release|Any CPU
		{863C92F7-DA37-4225-96CF-9A313FDF0591}.Debug|x86.ActiveCfg = Release|Any CPU
		{863C92F7-DA37-4225-96CF-9A313FDF0591}.Release AMD64|Any CPU.ActiveCfg = Release|Any CPU
		{863C92F7-DA37-4225-96CF-9A313FDF0591}.Release AMD64|Any CPU.Build.0 = Release|Any CPU
		{863C92F7-DA37-4225-96CF-9A313FDF0591}.Release AMD64|x86.ActiveCfg = Release|Any CPU
		{863C92F7-DA37-4225-96CF-9A313FDF0591}.Release IA64|Any CPU.ActiveCfg = Release|Any CPU
		{863C92F7-DA37-4225-96CF-9A313FDF0591}.Release IA64|Any CPU.Build.0 = Release|Any CPU
		{863C92F7-DA37-4225-96CF-9A313FDF0591}.Release IA64|x86.ActiveCfg = Release|Any CPU
		{863C92F7-DA37-4225-96CF-9A313FDF0591}.Release|Any CPU.ActiveCfg = Release|Any CPU
		{863C92F7-DA37-4225-96CF-9A313FDF0591}.Release|Any CPU.Build.0 = Release|Any CPU
		{863C92F7-DA37-4225-96CF-9A313FDF0591}.Release|x86.ActiveCfg = Release|Any CPU
		{FF12AA73-57F9-4FFB-B063-0C29B25DCFD3}.ASCII Debug|Any CPU.ActiveCfg = Release|Any CPU
		{FF12AA73-57F9-4FFB-B063-0C29B25DCFD3}.ASCII Debug|Any CPU.Build.0 = Release|Any CPU
		{FF12AA73-57F9-4FFB-B063-0C29B25DCFD3}.ASCII Debug|x86.ActiveCfg = Release|Any CPU
		{FF12AA73-57F9-4FFB-B063-0C29B25DCFD3}.ASCII Release|Any CPU.ActiveCfg = Release|Any CPU
		{FF12AA73-57F9-4FFB-B063-0C29B25DCFD3}.ASCII Release|Any CPU.Build.0 = Release|Any CPU
		{FF12AA73-57F9-4FFB-B063-0C29B25DCFD3}.ASCII Release|x86.ActiveCfg = Release|Any CPU
		{FF12AA73-57F9-4FFB-B063-0C29B25DCFD3}.Debug AMD64|Any CPU.ActiveCfg = Release|Any CPU
		{FF12AA73-57F9-4FFB-B063-0C29B25DCFD3}.Debug AMD64|Any CPU.Build.0 = Release|Any CPU
		{FF12AA73-57F9-4FFB-B063-0C29B25DCFD3}.Debug AMD64|x86.ActiveCfg = Release|Any CPU
		{FF12AA73-57F9-4FFB-B063-0C29B25DCFD3}.Debug IA64|Any CPU.ActiveCfg = Release|Any CPU
		{FF12AA73-57F9-4FFB-B063-0C29B25DCFD3}.Debug IA64|Any CPU.Build.0 = Release|Any CPU
		{FF12AA73-57F9-4FFB-B063-0C29B25DCFD3}.Debug IA64|x86.ActiveCfg = Release|Any CPU
		{FF12AA73-57F9-4FFB-B063-0C29B25DCFD3}.Debug|Any CPU.ActiveCfg = Release|Any CPU
		{FF12AA73-57F9-4FFB-B063-0C29B25DCFD3}.Debug|Any CPU.Build.0 = Release|Any CPU
		{FF12AA73-57F9-4FFB-B063-0C29B25DCFD3}.Debug|x86.ActiveCfg = Release|Any CPU
		{FF12AA73-57F9-4FFB-B063-0C29B25DCFD3}.Release AMD64|Any CPU.ActiveCfg = Release|Any CPU
		{FF12AA73-57F9-4FFB-B063-0C29B25DCFD3}.Release AMD64|Any CPU.Build.0 = Release|Any CPU
		{FF12AA73-57F9-4FFB-B063-0C29B25DCFD3}.Release AMD64|x86.ActiveCfg = Release|Any CPU
		{FF12AA73-57F9-4FFB-B063-0C29B25DCFD3}.Release IA64|Any CPU.ActiveCfg = Release|Any CPU
		{FF12AA73-57F9-4FFB-B063-0C29B25DCFD3}.Release IA64|Any CPU.Build.0 = Release|Any CPU
		{FF12AA73-57F9-4FFB-B063-0C29B25DCFD3}.Release IA64|x86.ActiveCfg = Release|Any CPU
		{FF12AA73-57F9-4FFB-B063-0C29B25DCFD3}.Release|Any CPU.ActiveCfg = Release|Any CPU
		{FF12AA73-57F9-4FFB-B063-0C29B25DCFD3}.Release|Any CPU.Build.0 = Release|Any CPU
		{FF12AA73-57F9-4FFB-B063-0C29B25DCFD3}.Release|x86.ActiveCfg = Release|Any CPU
		{4F36DDFD-9C99-4F10-B0B6-69E9CA3499BE}.ASCII Debug|Any CPU.ActiveCfg = Release|Any CPU
		{4F36DDFD-9C99-4F10-B0B6-69E9CA3499BE}.ASCII Debug|Any CPU.Build.0 = Release|Any CPU
		{4F36DDFD-9C99-4F10-B0B6-69E9CA3499BE}.ASCII Debug|x86.ActiveCfg = Release|Any CPU
		{4F36DDFD-9C99-4F10-B0B6-69E9CA3499BE}.ASCII Release|Any CPU.ActiveCfg = Release|Any CPU
		{4F36DDFD-9C99-4F10-B0B6-69E9CA3499BE}.ASCII Release|Any CPU.Build.0 = Release|Any CPU
		{4F36DDFD-9C99-4F10-B0B6-69E9CA3499BE}.ASCII Release|x86.ActiveCfg = Release|Any CPU
		{4F36DDFD-9C99-4F10-B0B6-69E9CA3499BE}.Debug AMD64|Any CPU.ActiveCfg = Release|Any CPU
		{4F36DDFD-9C99-4F10-B0B6-69E9CA3499BE}.Debug AMD64|Any CPU.Build.0 = Release|Any CPU
		{4F36DDFD-9C99-4F10-B0B6-69E9CA3499BE}.Debug AMD64|x86.ActiveCfg = Release|Any CPU
		{4F36DDFD-9C99-4F10-B0B6-69E9CA3499BE}.Debug IA64|Any CPU.ActiveCfg = Release|Any CPU
		{4F36DDFD-9C99-4F10-B0B6-69E9CA3499BE}.Debug IA64|Any CPU.Build.0 = Release|Any CPU
		{4F36DDFD-9C99-4F10-B0B6-69E9CA3499BE}.Debug IA64|x86.ActiveCfg = Release|Any CPU
		{4F36DDFD-9C99-4F10-B0B6-69E9CA3499BE}.Debug|Any CPU.ActiveCfg = Release|Any CPU
		{4F36DDFD-9C99-4F10-B0B6-69E9CA3499BE}.Debug|Any CPU.Build.0 = Release|Any CPU
		{4F36DDFD-9C99-4F10-B0B6-69E9CA3499BE}.Debug|x86.ActiveCfg = Release|Any CPU
		{4F36DDFD-9C99-4F10-B0B6-69E9CA3499BE}.Release AMD64|Any CPU.ActiveCfg = Release|Any CPU
		{4F36DDFD-9C99-4F10-B0B6-69E9CA3499BE}.Release AMD64|Any CPU.Build.0 = Release|Any CPU
		{4F36DDFD-9C99-4F10-B0B6-69E9CA3499BE}.Release AMD64|x86.ActiveCfg = Release|Any CPU
		{4F36DDFD-9C99-4F10-B0B6-69E9CA3499BE}.Release IA64|Any CPU.ActiveCfg = Release|Any CPU
		{4F36DDFD-9C99-4F10-B0B6-69E9CA3499BE}.Release IA64|Any CPU.Build.0 = Release|Any CPU
		{4F36DDFD-9C99-4F10-B0B6-69E9CA3499BE}.Release IA64|x86.ActiveCfg = Release|Any CPU
		{4F36DDFD-9C99-4F10-B0B6-69E9CA3499BE}.Release|Any CPU.ActiveCfg = Release|Any CPU
		{4F36DDFD-9C99-4F10-B0B6-69E9CA3499BE}.Release|Any CPU.Build.0 = Release|Any CPU
		{4F36DDFD-9C99-4F10-B0B6-69E9CA3499BE}.Release|x86.ActiveCfg = Release|Any CPU
		{6BBE7C2C-6E05-484B-B84F-B37328B059AF}.ASCII Debug|Any CPU.ActiveCfg = Release|Any CPU
		{6BBE7C2C-6E05-484B-B84F-B37328B059AF}.ASCII Debug|Any CPU.Build.0 = Release|Any CPU
		{6BBE7C2C-6E05-484B-B84F-B37328B059AF}.ASCII Debug|x86.ActiveCfg = Release|Any CPU
		{6BBE7C2C-6E05-484B-B84F-B37328B059AF}.ASCII Release|Any CPU.ActiveCfg = Release|Any CPU
		{6BBE7C2C-6E05-484B-B84F-B37328B059AF}.ASCII Release|Any CPU.Build.0 = Release|Any CPU
		{6BBE7C2C-6E05-484B-B84F-B37328B059AF}.ASCII Release|x86.ActiveCfg = Release|Any CPU
		{6BBE7C2C-6E05-484B-B84F-B37328B059AF}.Debug AMD64|Any CPU.ActiveCfg = Release|Any CPU
		{6BBE7C2C-6E05-484B-B84F-B37328B059AF}.Debug AMD64|Any CPU.Build.0 = Release|Any CPU
		{6BBE7C2C-6E05-484B-B84F-B37328B059AF}.Debug AMD64|x86.ActiveCfg = Release|Any CPU
		{6BBE7C2C-6E05-484B-B84F-B37328B059AF}.Debug IA64|Any CPU.ActiveCfg = Release|Any CPU
		{6BBE7C2C-6E05-484B-B84F-B37328B059AF}.Debug IA64|Any CPU.Build.0 = Release|Any CPU
		{6BBE7C2C-6E05-484B-B84F-B37328B059AF}.Debug IA64|x86.ActiveCfg = Release|Any CPU
		{6BBE7C2C-6E05-484B-B84F-B37328B059AF}.Debug|Any CPU.ActiveCfg = Release|Any CPU
		{6BBE7C2C-6E05-484B-B84F-B37328B059AF}.Debug|Any CPU.Build.0 = Release|Any CPU
		{6BBE7C2C-6E05-484B-B84F-B37328B059AF}.Debug|x86.ActiveCfg = Release|Any CPU
		{6BBE7C2C-6E05-484B-B84F-B37328B059AF}.Release AMD64|Any CPU.ActiveCfg = Release|Any CPU
		{6BBE7C2C-6E05-484B-B84F-B37328B059AF}.Release AMD64|Any CPU.Build.0 = Release|Any CPU
		{6BBE7C2C-6E05-484B-B84F-B37328B059AF}.Release AMD64|x86.ActiveCfg = Release|Any CPU
		{6BBE7C2C-6E05-484B-B84F-B37328B059AF}.Release IA64|Any CPU.ActiveCfg = Release|Any CPU
		{6BBE7C2C-6E05-484B-B84F-B37328B059AF}.Release IA64|Any CPU.Build.0 = Release|Any CPU
		{6BBE7C2C-6E05-484B-B84F-B37328B059AF}.Release IA64|x86.ActiveCfg = Release|Any CPU
		{6BBE7C2C-6E05-484B-B84F-B37328B059AF}.Release|Any CPU.ActiveCfg = Release|Any CPU
		{6BBE7C2C-6E05-484B-B84F-B37328B059AF}.Release|Any CPU.Build.0 = Release|Any CPU
		{6BBE7C2C-6E05-484B-B84F-B37328B059AF}.Release|x86.ActiveCfg = Release|Any CPU
		{8ABF9AF9-A342-4178-9890-8739084AF711}.ASCII Debug|Any CPU.ActiveCfg = Release|Any CPU
		{8ABF9AF9-A342-4178-9890-8739084AF711}.ASCII Debug|Any CPU.Build.0 = Release|Any CPU
		{8ABF9AF9-A342-4178-9890-8739084AF711}.ASCII Debug|x86.ActiveCfg = Release|Any CPU
		{8ABF9AF9-A342-4178-9890-8739084AF711}.ASCII Release|Any CPU.ActiveCfg = Release|Any CPU
		{8ABF9AF9-A342-4178-9890-8739084AF711}.ASCII Release|Any CPU.Build.0 = Release|Any CPU
		{8ABF9AF9-A342-4178-9890-8739084AF711}.ASCII Release|x86.ActiveCfg = Release|Any CPU
		{8ABF9AF9-A342-4178-9890-8739084AF711}.Debug AMD64|Any CPU.ActiveCfg = Release|Any CPU
		{8ABF9AF9-A342-4178-9890-8739084AF711}.Debug AMD64|Any CPU.Build.0 = Release|Any CPU
		{8ABF9AF9-A342-4178-9890-8739084AF711}.Debug AMD64|x86.ActiveCfg = Release|Any CPU
		{8ABF9AF9-A342-4178-9890-8739084AF711}.Debug IA64|Any CPU.ActiveCfg = Release|Any CPU
		{8ABF9AF9-A342-4178-9890-8739084AF711}.Debug IA64|Any CPU.Build.0 = Release|Any CPU
		{8ABF9AF9-A342-4178-9890-8739084AF711}.Debug IA64|x86.ActiveCfg = Release|Any CPU
		{8ABF9AF9-A342-4178-9890-8739084AF711}.Debug|Any CPU.ActiveCfg = Release|Any CPU
		{8ABF9AF9-A342-4178-9890-8739084AF711}.Debug|Any CPU.Build.0 = Release|Any CPU
		{8ABF9AF9-A342-4178-9890-8739084AF711}.Debug|x86.ActiveCfg = Release|Any CPU
		{8ABF9AF9-A342-4178-9890-8739084AF711}.Release AMD64|Any CPU.ActiveCfg = Release|Any CPU
		{8ABF9AF9-A342-4178-9890-8739084AF711}.Release AMD64|Any CPU.Build.0 = Release|Any CPU
		{8ABF9AF9-A342-4178-9890-8739084AF711}.Release AMD64|x86.ActiveCfg = Release|Any CPU
		{8ABF9AF9-A342-4178-9890-8739084AF711}.Release IA64|Any CPU.ActiveCfg = Release|Any CPU
		{8ABF9AF9-A342-4178-9890-8739084AF711}.Release IA64|Any CPU.Build.0 = Release|Any CPU
		{8ABF9AF9-A342-4178-9890-8739084AF711}.Release IA64|x86.ActiveCfg = Release|Any CPU
		{8ABF9AF9-A342-4178-9890-8739084AF711}.Release|Any CPU.ActiveCfg = Release|Any CPU
		{8ABF9AF9-A342-4178-9890-8739084AF711}.Release|Any CPU.Build.0 = Release|Any CPU
		{8ABF9AF9-A342-4178-9890-8739084AF711}.Release|x86.ActiveCfg = Release|Any CPU
		{FF2D31BB-807B-4555-B008-5DA5250D5131}.ASCII Debug|Any CPU.ActiveCfg = Release|Any CPU
		{FF2D31BB-807B-4555-B008-5DA5250D5131}.ASCII Debug|Any CPU.Build.0 = Release|Any CPU
		{FF2D31BB-807B-4555-B008-5DA5250D5131}.ASCII Debug|x86.ActiveCfg = Release|Any CPU
		{FF2D31BB-807B-4555-B008-5DA5250D5131}.ASCII Release|Any CPU.ActiveCfg = Release|Any CPU
		{FF2D31BB-807B-4555-B008-5DA5250D5131}.ASCII Release|Any CPU.Build.0 = Release|Any CPU
		{FF2D31BB-807B-4555-B008-5DA5250D5131}.ASCII Release|x86.ActiveCfg = Release|Any CPU
		{FF2D31BB-807B-4555-B008-5DA5250D5131}.Debug AMD64|Any CPU.ActiveCfg = Release|Any CPU
		{FF2D31BB-807B-4555-B008-5DA5250D5131}.Debug AMD64|Any CPU.Build.0 = Release|Any CPU
		{FF2D31BB-807B-4555-B008-5DA5250D5131}.Debug AMD64|x86.ActiveCfg = Release|Any CPU
		{FF2D31BB-807B-4555-B008-5DA5250D5131}.Debug IA64|Any CPU.ActiveCfg = Release|Any CPU
		{FF2D31BB-807B-4555-B008-5DA5250D5131}.Debug IA64|Any CPU.Build.0 = Release|Any CPU
		{FF2D31BB-807B-4555-B008-5DA5250D5131}.Debug IA64|x86.ActiveCfg = Release|Any CPU
		{FF2D31BB-807B-4555-B008-5DA5250D5131}.Debug|Any CPU.ActiveCfg = Release|Any CPU
		{FF2D31BB-807B-4555-B008-5DA5250D5131}.Debug|Any CPU.Build.0 = Release|Any CPU
		{FF2D31BB-807B-4555-B008-5DA5250D5131}.Debug|x86.ActiveCfg = Release|Any CPU
		{FF2D31BB-807B-4555-B008-5DA5250D5131}.Release AMD64|Any CPU.ActiveCfg = Release|Any CPU
		{FF2D31BB-807B-4555-B008-5DA5250D5131}.Release AMD64|Any CPU.Build.0 = Release|Any CPU
		{FF2D31BB-807B-4555-B008-5DA5250D5131}.Release AMD64|x86.ActiveCfg = Release|Any CPU
		{FF2D31BB-807B-4555-B008-5DA5250D5131}.Release IA64|Any CPU.ActiveCfg = Release|Any CPU
		{FF2D31BB-807B-4555-B008-5DA5250D5131}.Release IA64|Any CPU.Build.0 = Release|Any CPU
		{FF2D31BB-807B-4555-B008-5DA5250D5131}.Release IA64|x86.ActiveCfg = Release|Any CPU
		{FF2D31BB-807B-4555-B008-5DA5250D5131}.Release|Any CPU.ActiveCfg = Release|Any CPU
		{FF2D31BB-807B-4555-B008-5DA5250D5131}.Release|Any CPU.Build.0 = Release|Any CPU
		{FF2D31BB-807B-4555-B008-5DA5250D5131}.Release|x86.ActiveCfg = Release|Any CPU
		{3290E74F-C9F5-4452-94C2-726A003FA6DA}.ASCII Debug|Any CPU.ActiveCfg = Release|Any CPU
		{3290E74F-C9F5-4452-94C2-726A003FA6DA}.ASCII Debug|Any CPU.Build.0 = Release|Any CPU
		{3290E74F-C9F5-4452-94C2-726A003FA6DA}.ASCII Debug|x86.ActiveCfg = Release|Any CPU
		{3290E74F-C9F5-4452-94C2-726A003FA6DA}.ASCII Release|Any CPU.ActiveCfg = Release|Any CPU
		{3290E74F-C9F5-4452-94C2-726A003FA6DA}.ASCII Release|Any CPU.Build.0 = Release|Any CPU
		{3290E74F-C9F5-4452-94C2-726A003FA6DA}.ASCII Release|x86.ActiveCfg = Release|Any CPU
		{3290E74F-C9F5-4452-94C2-726A003FA6DA}.Debug AMD64|Any CPU.ActiveCfg = Release|Any CPU
		{3290E74F-C9F5-4452-94C2-726A003FA6DA}.Debug AMD64|Any CPU.Build.0 = Release|Any CPU
		{3290E74F-C9F5-4452-94C2-726A003FA6DA}.Debug AMD64|x86.ActiveCfg = Release|Any CPU
		{3290E74F-C9F5-4452-94C2-726A003FA6DA}.Debug IA64|Any CPU.ActiveCfg = Release|Any CPU
		{3290E74F-C9F5-4452-94C2-726A003FA6DA}.Debug IA64|Any CPU.Build.0 = Release|Any CPU
		{3290E74F-C9F5-4452-94C2-726A003FA6DA}.Debug IA64|x86.ActiveCfg = Release|Any CPU
		{3290E74F-C9F5-4452-94C2-726A003FA6DA}.Debug|Any CPU.ActiveCfg = Release|Any CPU
		{3290E74F-C9F5-4452-94C2-726A003FA6DA}.Debug|Any CPU.Build.0 = Release|Any CPU
		{3290E74F-C9F5-4452-94C2-726A003FA6DA}.Debug|x86.ActiveCfg = Release|Any CPU
		{3290E74F-C9F5-4452-94C2-726A003FA6DA}.Release AMD64|Any CPU.ActiveCfg = Release|Any CPU
		{3290E74F-C9F5-4452-94C2-726A003FA6DA}.Release AMD64|Any CPU.Build.0 = Release|Any CPU
		{3290E74F-C9F5-4452-94C2-726A003FA6DA}.Release AMD64|x86.ActiveCfg = Release|Any CPU
		{3290E74F-C9F5-4452-94C2-726A003FA6DA}.Release IA64|Any CPU.ActiveCfg = Release|Any CPU
		{3290E74F-C9F5-4452-94C2-726A003FA6DA}.Release IA64|Any CPU.Build.0 = Release|Any CPU
		{3290E74F-C9F5-4452-94C2-726A003FA6DA}.Release IA64|x86.ActiveCfg = Release|Any CPU
		{3290E74F-C9F5-4452-94C2-726A003FA6DA}.Release|Any CPU.ActiveCfg = Release|Any CPU
		{3290E74F-C9F5-4452-94C2-726A003FA6DA}.Release|Any CPU.Build.0 = Release|Any CPU
		{3290E74F-C9F5-4452-94C2-726A003FA6DA}.Release|x86.ActiveCfg = Release|Any CPU
		{4D6BD2E2-7B31-4952-9259-303C31F15735}.ASCII Debug|Any CPU.ActiveCfg = Release|Any CPU
		{4D6BD2E2-7B31-4952-9259-303C31F15735}.ASCII Debug|Any CPU.Build.0 = Release|Any CPU
		{4D6BD2E2-7B31-4952-9259-303C31F15735}.ASCII Debug|x86.ActiveCfg = Release|Any CPU
		{4D6BD2E2-7B31-4952-9259-303C31F15735}.ASCII Release|Any CPU.ActiveCfg = Release|Any CPU
		{4D6BD2E2-7B31-4952-9259-303C31F15735}.ASCII Release|Any CPU.Build.0 = Release|Any CPU
		{4D6BD2E2-7B31-4952-9259-303C31F15735}.ASCII Release|x86.ActiveCfg = Release|Any CPU
		{4D6BD2E2-7B31-4952-9259-303C31F15735}.Debug AMD64|Any CPU.ActiveCfg = Release|Any CPU
		{4D6BD2E2-7B31-4952-9259-303C31F15735}.Debug AMD64|Any CPU.Build.0 = Release|Any CPU
		{4D6BD2E2-7B31-4952-9259-303C31F15735}.Debug AMD64|x86.ActiveCfg = Release|Any CPU
		{4D6BD2E2-7B31-4952-9259-303C31F15735}.Debug IA64|Any CPU.ActiveCfg = Release|Any CPU
		{4D6BD2E2-7B31-4952-9259-303C31F15735}.Debug IA64|Any CPU.Build.0 = Release|Any CPU
		{4D6BD2E2-7B31-4952-9259-303C31F15735}.Debug IA64|x86.ActiveCfg = Release|Any CPU
		{4D6BD2E2-7B31-4952-9259-303C31F15735}.Debug|Any CPU.ActiveCfg = Release|Any CPU
		{4D6BD2E2-7B31-4952-9259-303C31F15735}.Debug|Any CPU.Build.0 = Release|Any CPU
		{4D6BD2E2-7B31-4952-9259-303C31F15735}.Debug|x86.ActiveCfg = Release|Any CPU
		{4D6BD2E2-7B31-4952-9259-303C31F15735}.Release AMD64|Any CPU.ActiveCfg = Release|Any CPU
		{4D6BD2E2-7B31-4952-9259-303C31F15735}.Release AMD64|Any CPU.Build.0 = Release|Any CPU
		{4D6BD2E2-7B31-4952-9259-303C31F15735}.Release AMD64|x86.ActiveCfg = Release|Any CPU
		{4D6BD2E2-7B31-4952-9259-303C31F15735}.Release IA64|Any CPU.ActiveCfg = Release|Any CPU
		{4D6BD2E2-7B31-4952-9259-303C31F15735}.Release IA64|Any CPU.Build.0 = Release|Any CPU
		{4D6BD2E2-7B31-4952-9259-303C31F15735}.Release IA64|x86.ActiveCfg = Release|Any CPU
		{4D6BD2E2-7B31-4952-9259-303C31F15735}.Release|Any CPU.ActiveCfg = Release|Any CPU
		{4D6BD2E2-7B31-4952-9259-303C31F15735}.Release|Any CPU.Build.0 = Release|Any CPU
		{4D6BD2E2-7B31-4952-9259-303C31F15735}.Release|x86.ActiveCfg = Release|Any CPU
		{B1F4CFB4-0005-4D7D-812B-4D795CF41FFA}.ASCII Debug|Any CPU.ActiveCfg = Release|Any CPU
		{B1F4CFB4-0005-4D7D-812B-4D795CF41FFA}.ASCII Debug|Any CPU.Build.0 = Release|Any CPU
		{B1F4CFB4-0005-4D7D-812B-4D795CF41FFA}.ASCII Debug|x86.ActiveCfg = Release|Any CPU
		{B1F4CFB4-0005-4D7D-812B-4D795CF41FFA}.ASCII Release|Any CPU.ActiveCfg = Release|Any CPU
		{B1F4CFB4-0005-4D7D-812B-4D795CF41FFA}.ASCII Release|Any CPU.Build.0 = Release|Any CPU
		{B1F4CFB4-0005-4D7D-812B-4D795CF41FFA}.ASCII Release|x86.ActiveCfg = Release|Any CPU
		{B1F4CFB4-0005-4D7D-812B-4D795CF41FFA}.Debug AMD64|Any CPU.ActiveCfg = Release|Any CPU
		{B1F4CFB4-0005-4D7D-812B-4D795CF41FFA}.Debug AMD64|Any CPU.Build.0 = Release|Any CPU
		{B1F4CFB4-0005-4D7D-812B-4D795CF41FFA}.Debug AMD64|x86.ActiveCfg = Release|Any CPU
		{B1F4CFB4-0005-4D7D-812B-4D795CF41FFA}.Debug IA64|Any CPU.ActiveCfg = Release|Any CPU
		{B1F4CFB4-0005-4D7D-812B-4D795CF41FFA}.Debug IA64|Any CPU.Build.0 = Release|Any CPU
		{B1F4CFB4-0005-4D7D-812B-4D795CF41FFA}.Debug IA64|x86.ActiveCfg = Release|Any CPU
		{B1F4CFB4-0005-4D7D-812B-4D795CF41FFA}.Debug|Any CPU.ActiveCfg = Release|Any CPU
		{B1F4CFB4-0005-4D7D-812B-4D795CF41FFA}.Debug|Any CPU.Build.0 = Release|Any CPU
		{B1F4CFB4-0005-4D7D-812B-4D795CF41FFA}.Debug|x86.ActiveCfg = Release|Any CPU
		{B1F4CFB4-0005-4D7D-812B-4D795CF41FFA}.Release AMD64|Any CPU.ActiveCfg = Release|Any CPU
		{B1F4CFB4-0005-4D7D-812B-4D795CF41FFA}.Release AMD64|Any CPU.Build.0 = Release|Any CPU
		{B1F4CFB4-0005-4D7D-812B-4D795CF41FFA}.Release AMD64|x86.ActiveCfg = Release|Any CPU
		{B1F4CFB4-0005-4D7D-812B-4D795CF41FFA}.Release IA64|Any CPU.ActiveCfg = Release|Any CPU
		{B1F4CFB4-0005-4D7D-812B-4D795CF41FFA}.Release IA64|Any CPU.Build.0 = Release|Any CPU
		{B1F4CFB4-0005-4D7D-812B-4D795CF41FFA}.Release IA64|x86.ActiveCfg = Release|Any CPU
		{B1F4CFB4-0005-4D7D-812B-4D795CF41FFA}.Release|Any CPU.ActiveCfg = Release|Any CPU
		{B1F4CFB4-0005-4D7D-812B-4D795CF41FFA}.Release|Any CPU.Build.0 = Release|Any CPU
		{B1F4CFB4-0005-4D7D-812B-4D795CF41FFA}.Release|x86.ActiveCfg = Release|Any CPU
		{D5E8BD6E-02CD-4F6B-918E-3E6B949F5F5A}.ASCII Debug|Any CPU.ActiveCfg = Release|Any CPU
		{D5E8BD6E-02CD-4F6B-918E-3E6B949F5F5A}.ASCII Debug|Any CPU.Build.0 = Release|Any CPU
		{D5E8BD6E-02CD-4F6B-918E-3E6B949F5F5A}.ASCII Debug|x86.ActiveCfg = Release|Any CPU
		{D5E8BD6E-02CD-4F6B-918E-3E6B949F5F5A}.ASCII Release|Any CPU.ActiveCfg = Release|Any CPU
		{D5E8BD6E-02CD-4F6B-918E-3E6B949F5F5A}.ASCII Release|Any CPU.Build.0 = Release|Any CPU
		{D5E8BD6E-02CD-4F6B-918E-3E6B949F5F5A}.ASCII Release|x86.ActiveCfg = Release|Any CPU
		{D5E8BD6E-02CD-4F6B-918E-3E6B949F5F5A}.Debug AMD64|Any CPU.ActiveCfg = Release|Any CPU
		{D5E8BD6E-02CD-4F6B-918E-3E6B949F5F5A}.Debug AMD64|Any CPU.Build.0 = Release|Any CPU
		{D5E8BD6E-02CD-4F6B-918E-3E6B949F5F5A}.Debug AMD64|x86.ActiveCfg = Release|Any CPU
		{D5E8BD6E-02CD-4F6B-918E-3E6B949F5F5A}.Debug IA64|Any CPU.ActiveCfg = Release|Any CPU
		{D5E8BD6E-02CD-4F6B-918E-3E6B949F5F5A}.Debug IA64|Any CPU.Build.0 = Release|Any CPU
		{D5E8BD6E-02CD-4F6B-918E-3E6B949F5F5A}.Debug IA64|x86.ActiveCfg = Release|Any CPU
		{D5E8BD6E-02CD-4F6B-918E-3E6B949F5F5A}.Debug|Any CPU.ActiveCfg = Release|Any CPU
		{D5E8BD6E-02CD-4F6B-918E-3E6B949F5F5A}.Debug|Any CPU.Build.0 = Release|Any CPU
		{D5E8BD6E-02CD-4F6B-918E-3E6B949F5F5A}.Debug|x86.ActiveCfg = Release|Any CPU
		{D5E8BD6E-02CD-4F6B-918E-3E6B949F5F5A}.Release AMD64|Any CPU.ActiveCfg = Release|Any CPU
		{D5E8BD6E-02CD-4F6B-918E-3E6B949F5F5A}.Release AMD64|Any CPU.Build.0 = Release|Any CPU
		{D5E8BD6E-02CD-4F6B-918E-3E6B949F5F5A}.Release AMD64|x86.ActiveCfg = Release|Any CPU
		{D5E8BD6E-02CD-4F6B-918E-3E6B949F5F5A}.Release IA64|Any CPU.ActiveCfg = Release|Any CPU
		{D5E8BD6E-02CD-4F6B-918E-3E6B949F5F5A}.Release IA64|Any CPU.Build.0 = Release|Any CPU
		{D5E8BD6E-02CD-4F6B-918E-3E6B949F5F5A}.Release IA64|x86.ActiveCfg = Release|Any CPU
		{D5E8BD6E-02CD-4F6B-918E-3E6B949F5F5A}.Release|Any CPU.ActiveCfg = Release|Any CPU
		{D5E8BD6E-02CD-4F6B-918E-3E6B949F5F5A}.Release|Any CPU.Build.0 = Release|Any CPU
		{D5E8BD6E-02CD-4F6B-918E-3E6B949F5F5A}.Release|x86.ActiveCfg = Release|Any CPU
		{A58981DA-C464-441D-9D1A-98ED63D5B40C}.ASCII Debug|Any CPU.ActiveCfg = Release|Any CPU
		{A58981DA-C464-441D-9D1A-98ED63D5B40C}.ASCII Debug|Any CPU.Build.0 = Release|Any CPU
		{A58981DA-C464-441D-9D1A-98ED63D5B40C}.ASCII Debug|x86.ActiveCfg = Release|Any CPU
		{A58981DA-C464-441D-9D1A-98ED63D5B40C}.ASCII Release|Any CPU.ActiveCfg = Release|Any CPU
		{A58981DA-C464-441D-9D1A-98ED63D5B40C}.ASCII Release|Any CPU.Build.0 = Release|Any CPU
		{A58981DA-C464-441D-9D1A-98ED63D5B40C}.ASCII Release|x86.ActiveCfg = Release|Any CPU
		{A58981DA-C464-441D-9D1A-98ED63D5B40C}.Debug AMD64|Any CPU.ActiveCfg = Release|Any CPU
		{A58981DA-C464-441D-9D1A-98ED63D5B40C}.Debug AMD64|Any CPU.Build.0 = Release|Any CPU
		{A58981DA-C464-441D-9D1A-98ED63D5B40C}.Debug AMD64|x86.ActiveCfg = Release|Any CPU
		{A58981DA-C464-441D-9D1A-98ED63D5B40C}.Debug IA64|Any CPU.ActiveCfg = Release|Any CPU
		{A58981DA-C464-441D-9D1A-98ED63D5B40C}.Debug IA64|Any CPU.Build.0 = Release|Any CPU
		{A58981DA-C464-441D-9D1A-98ED63D5B40C}.Debug IA64|x86.ActiveCfg = Release|Any CPU
		{A58981DA-C464-441D-9D1A-98ED63D5B40C}.Debug|Any CPU.ActiveCfg = Release|Any CPU
		{A58981DA-C464-441D-9D1A-98ED63D5B40C}.Debug|Any CPU.Build.0 = Release|Any CPU
		{A58981DA-C464-441D-9D1A-98ED63D5B40C}.Debug|x86.ActiveCfg = Release|Any CPU
		{A58981DA-C464-441D-9D1A-98ED63D5B40C}.Release AMD64|Any CPU.ActiveCfg = Release|Any CPU
		{A58981DA-C464-441D-9D1A-98ED63D5B40C}.Release AMD64|Any CPU.Build.0 = Release|Any CPU
		{A58981DA-C464-441D-9D1A-98ED63D5B40C}.Release AMD64|x86.ActiveCfg = Release|Any CPU
		{A58981DA-C464-441D-9D1A-98ED63D5B40C}.Release IA64|Any CPU.ActiveCfg = Release|Any CPU
		{A58981DA-C464-441D-9D1A-98ED63D5B40C}.Release IA64|Any CPU.Build.0 = Release|Any CPU
		{A58981DA-C464-441D-9D1A-98ED63D5B40C}.Release IA64|x86.ActiveCfg = Release|Any CPU
		{A58981DA-C464-441D-9D1A-98ED63D5B40C}.Release|Any CPU.ActiveCfg = Release|Any CPU
		{A58981DA-C464-441D-9D1A-98ED63D5B40C}.Release|Any CPU.Build.0 = Release|Any CPU
		{A58981DA-C464-441D-9D1A-98ED63D5B40C}.Release|x86.ActiveCfg = Release|Any CPU
		{60AF28FB-E44E-4EE7-9F31-15365710D995}.ASCII Debug|Any CPU.ActiveCfg = Release|Any CPU
		{60AF28FB-E44E-4EE7-9F31-15365710D995}.ASCII Debug|Any CPU.Build.0 = Release|Any CPU
		{60AF28FB-E44E-4EE7-9F31-15365710D995}.ASCII Debug|x86.ActiveCfg = Release|Any CPU
		{60AF28FB-E44E-4EE7-9F31-15365710D995}.ASCII Release|Any CPU.ActiveCfg = Release|Any CPU
		{60AF28FB-E44E-4EE7-9F31-15365710D995}.ASCII Release|Any CPU.Build.0 = Release|Any CPU
		{60AF28FB-E44E-4EE7-9F31-15365710D995}.ASCII Release|x86.ActiveCfg = Release|Any CPU
		{60AF28FB-E44E-4EE7-9F31-15365710D995}.Debug AMD64|Any CPU.ActiveCfg = Release|Any CPU
		{60AF28FB-E44E-4EE7-9F31-15365710D995}.Debug AMD64|Any CPU.Build.0 = Release|Any CPU
		{60AF28FB-E44E-4EE7-9F31-15365710D995}.Debug AMD64|x86.ActiveCfg = Release|Any CPU
		{60AF28FB-E44E-4EE7-9F31-15365710D995}.Debug IA64|Any CPU.ActiveCfg = Release|Any CPU
		{60AF28FB-E44E-4EE7-9F31-15365710D995}.Debug IA64|Any CPU.Build.0 = Release|Any CPU
		{60AF28FB-E44E-4EE7-9F31-15365710D995}.Debug IA64|x86.ActiveCfg = Release|Any CPU
		{60AF28FB-E44E-4EE7-9F31-15365710D995}.Debug|Any CPU.ActiveCfg = Release|Any CPU
		{60AF28FB-E44E-4EE7-9F31-15365710D995}.Debug|Any CPU.Build.0 = Release|Any CPU
		{60AF28FB-E44E-4EE7-9F31-15365710D995}.Debug|x86.ActiveCfg = Release|Any CPU
		{60AF28FB-E44E-4EE7-9F31-15365710D995}.Release AMD64|Any CPU.ActiveCfg = Release|Any CPU
		{60AF28FB-E44E-4EE7-9F31-15365710D995}.Release AMD64|Any CPU.Build.0 = Release|Any CPU
		{60AF28FB-E44E-4EE7-9F31-15365710D995}.Release AMD64|x86.ActiveCfg = Release|Any CPU
		{60AF28FB-E44E-4EE7-9F31-15365710D995}.Release IA64|Any CPU.ActiveCfg = Release|Any CPU
		{60AF28FB-E44E-4EE7-9F31-15365710D995}.Release IA64|Any CPU.Build.0 = Release|Any CPU
		{60AF28FB-E44E-4EE7-9F31-15365710D995}.Release IA64|x86.ActiveCfg = Release|Any CPU
		{60AF28FB-E44E-4EE7-9F31-15365710D995}.Release|Any CPU.ActiveCfg = Release|Any CPU
		{60AF28FB-E44E-4EE7-9F31-15365710D995}.Release|Any CPU.Build.0 = Release|Any CPU
		{60AF28FB-E44E-4EE7-9F31-15365710D995}.Release|x86.ActiveCfg = Release|Any CPU
		{A9CB2922-DEA6-4BA9-BDD6-DD26A9033D3D}.ASCII Debug|Any CPU.ActiveCfg = Release|Any CPU
		{A9CB2922-DEA6-4BA9-BDD6-DD26A9033D3D}.ASCII Debug|Any CPU.Build.0 = Release|Any CPU
		{A9CB2922-DEA6-4BA9-BDD6-DD26A9033D3D}.ASCII Debug|x86.ActiveCfg = Release|Any CPU
		{A9CB2922-DEA6-4BA9-BDD6-DD26A9033D3D}.ASCII Release|Any CPU.ActiveCfg = Release|Any CPU
		{A9CB2922-DEA6-4BA9-BDD6-DD26A9033D3D}.ASCII Release|Any CPU.Build.0 = Release|Any CPU
		{A9CB2922-DEA6-4BA9-BDD6-DD26A9033D3D}.ASCII Release|x86.ActiveCfg = Release|Any CPU
		{A9CB2922-DEA6-4BA9-BDD6-DD26A9033D3D}.Debug AMD64|Any CPU.ActiveCfg = Release|Any CPU
		{A9CB2922-DEA6-4BA9-BDD6-DD26A9033D3D}.Debug AMD64|Any CPU.Build.0 = Release|Any CPU
		{A9CB2922-DEA6-4BA9-BDD6-DD26A9033D3D}.Debug AMD64|x86.ActiveCfg = Release|Any CPU
		{A9CB2922-DEA6-4BA9-BDD6-DD26A9033D3D}.Debug IA64|Any CPU.ActiveCfg = Release|Any CPU
		{A9CB2922-DEA6-4BA9-BDD6-DD26A9033D3D}.Debug IA64|Any CPU.Build.0 = Release|Any CPU
		{A9CB2922-DEA6-4BA9-BDD6-DD26A9033D3D}.Debug IA64|x86.ActiveCfg = Release|Any CPU
		{A9CB2922-DEA6-4BA9-BDD6-DD26A9033D3D}.Debug|Any CPU.ActiveCfg = Release|Any CPU
		{A9CB2922-DEA6-4BA9-BDD6-DD26A9033D3D}.Debug|Any CPU.Build.0 = Release|Any CPU
		{A9CB2922-DEA6-4BA9-BDD6-DD26A9033D3D}.Debug|x86.ActiveCfg = Release|Any CPU
		{A9CB2922-DEA6-4BA9-BDD6-DD26A9033D3D}.Release AMD64|Any CPU.ActiveCfg = Release|Any CPU
		{A9CB2922-DEA6-4BA9-BDD6-DD26A9033D3D}.Release AMD64|Any CPU.Build.0 = Release|Any CPU
		{A9CB2922-DEA6-4BA9-BDD6-DD26A9033D3D}.Release AMD64|x86.ActiveCfg = Release|Any CPU
		{A9CB2922-DEA6-4BA9-BDD6-DD26A9033D3D}.Release IA64|Any CPU.ActiveCfg = Release|Any CPU
		{A9CB2922-DEA6-4BA9-BDD6-DD26A9033D3D}.Release IA64|Any CPU.Build.0 = Release|Any CPU
		{A9CB2922-DEA6-4BA9-BDD6-DD26A9033D3D}.Release IA64|x86.ActiveCfg = Release|Any CPU
		{A9CB2922-DEA6-4BA9-BDD6-DD26A9033D3D}.Release|Any CPU.ActiveCfg = Release|Any CPU
		{A9CB2922-DEA6-4BA9-BDD6-DD26A9033D3D}.Release|Any CPU.Build.0 = Release|Any CPU
		{A9CB2922-DEA6-4BA9-BDD6-DD26A9033D3D}.Release|x86.ActiveCfg = Release|Any CPU
		{B4F81995-CCEF-41F8-9B39-58ABD0A0A37C}.ASCII Debug|Any CPU.ActiveCfg = Release|Any CPU
		{B4F81995-CCEF-41F8-9B39-58ABD0A0A37C}.ASCII Debug|Any CPU.Build.0 = Release|Any CPU
		{B4F81995-CCEF-41F8-9B39-58ABD0A0A37C}.ASCII Debug|x86.ActiveCfg = Release|Any CPU
		{B4F81995-CCEF-41F8-9B39-58ABD0A0A37C}.ASCII Release|Any CPU.ActiveCfg = Release|Any CPU
		{B4F81995-CCEF-41F8-9B39-58ABD0A0A37C}.ASCII Release|Any CPU.Build.0 = Release|Any CPU
		{B4F81995-CCEF-41F8-9B39-58ABD0A0A37C}.ASCII Release|x86.ActiveCfg = Release|Any CPU
		{B4F81995-CCEF-41F8-9B39-58ABD0A0A37C}.Debug AMD64|Any CPU.ActiveCfg = Release|Any CPU
		{B4F81995-CCEF-41F8-9B39-58ABD0A0A37C}.Debug AMD64|Any CPU.Build.0 = Release|Any CPU
		{B4F81995-CCEF-41F8-9B39-58ABD0A0A37C}.Debug AMD64|x86.ActiveCfg = Release|Any CPU
		{B4F81995-CCEF-41F8-9B39-58ABD0A0A37C}.Debug IA64|Any CPU.ActiveCfg = Release|Any CPU
		{B4F81995-CCEF-41F8-9B39-58ABD0A0A37C}.Debug IA64|Any CPU.Build.0 = Release|Any CPU
		{B4F81995-CCEF-41F8-9B39-58ABD0A0A37C}.Debug IA64|x86.ActiveCfg = Release|Any CPU
		{B4F81995-CCEF-41F8-9B39-58ABD0A0A37C}.Debug|Any CPU.ActiveCfg = Release|Any CPU
		{B4F81995-CCEF-41F8-9B39-58ABD0A0A37C}.Debug|Any CPU.Build.0 = Release|Any CPU
		{B4F81995-CCEF-41F8-9B39-58ABD0A0A37C}.Debug|x86.ActiveCfg = Release|Any CPU
		{B4F81995-CCEF-41F8-9B39-58ABD0A0A37C}.Release AMD64|Any CPU.ActiveCfg = Release|Any CPU
		{B4F81995-CCEF-41F8-9B39-58ABD0A0A37C}.Release AMD64|Any CPU.Build.0 = Release|Any CPU
		{B4F81995-CCEF-41F8-9B39-58ABD0A0A37C}.Release AMD64|x86.ActiveCfg = Release|Any CPU
		{B4F81995-CCEF-41F8-9B39-58ABD0A0A37C}.Release IA64|Any CPU.ActiveCfg = Release|Any CPU
		{B4F81995-CCEF-41F8-9B39-58ABD0A0A37C}.Release IA64|Any CPU.Build.0 = Release|Any CPU
		{B4F81995-CCEF-41F8-9B39-58ABD0A0A37C}.Release IA64|x86.ActiveCfg = Release|Any CPU
		{B4F81995-CCEF-41F8-9B39-58ABD0A0A37C}.Release|Any CPU.ActiveCfg = Release|Any CPU
		{B4F81995-CCEF-41F8-9B39-58ABD0A0A37C}.Release|Any CPU.Build.0 = Release|Any CPU
		{B4F81995-CCEF-41F8-9B39-58ABD0A0A37C}.Release|x86.ActiveCfg = Release|Any CPU
		{0452E0EE-14E4-4634-977B-3F63C39E300E}.ASCII Debug|Any CPU.ActiveCfg = Release|Any CPU
		{0452E0EE-14E4-4634-977B-3F63C39E300E}.ASCII Debug|Any CPU.Build.0 = Release|Any CPU
		{0452E0EE-14E4-4634-977B-3F63C39E300E}.ASCII Debug|x86.ActiveCfg = Release|Any CPU
		{0452E0EE-14E4-4634-977B-3F63C39E300E}.ASCII Release|Any CPU.ActiveCfg = Release|Any CPU
		{0452E0EE-14E4-4634-977B-3F63C39E300E}.ASCII Release|Any CPU.Build.0 = Release|Any CPU
		{0452E0EE-14E4-4634-977B-3F63C39E300E}.ASCII Release|x86.ActiveCfg = Release|Any CPU
		{0452E0EE-14E4-4634-977B-3F63C39E300E}.Debug AMD64|Any CPU.ActiveCfg = Release|Any CPU
		{0452E0EE-14E4-4634-977B-3F63C39E300E}.Debug AMD64|Any CPU.Build.0 = Release|Any CPU
		{0452E0EE-14E4-4634-977B-3F63C39E300E}.Debug AMD64|x86.ActiveCfg = Release|Any CPU
		{0452E0EE-14E4-4634-977B-3F63C39E300E}.Debug IA64|Any CPU.ActiveCfg = Release|Any CPU
		{0452E0EE-14E4-4634-977B-3F63C39E300E}.Debug IA64|Any CPU.Build.0 = Release|Any CPU
		{0452E0EE-14E4-4634-977B-3F63C39E300E}.Debug IA64|x86.ActiveCfg = Release|Any CPU
		{0452E0EE-14E4-4634-977B-3F63C39E300E}.Debug|Any CPU.ActiveCfg = Release|Any CPU
		{0452E0EE-14E4-4634-977B-3F63C39E300E}.Debug|Any CPU.Build.0 = Release|Any CPU
		{0452E0EE-14E4-4634-977B-3F63C39E300E}.Debug|x86.ActiveCfg = Release|Any CPU
		{0452E0EE-14E4-4634-977B-3F63C39E300E}.Release AMD64|Any CPU.ActiveCfg = Release|Any CPU
		{0452E0EE-14E4-4634-977B-3F63C39E300E}.Release AMD64|Any CPU.Build.0 = Release|Any CPU
		{0452E0EE-14E4-4634-977B-3F63C39E300E}.Release AMD64|x86.ActiveCfg = Release|Any CPU
		{0452E0EE-14E4-4634-977B-3F63C39E300E}.Release IA64|Any CPU.ActiveCfg = Release|Any CPU
		{0452E0EE-14E4-4634-977B-3F63C39E300E}.Release IA64|Any CPU.Build.0 = Release|Any CPU
		{0452E0EE-14E4-4634-977B-3F63C39E300E}.Release IA64|x86.ActiveCfg = Release|Any CPU
		{0452E0EE-14E4-4634-977B-3F63C39E300E}.Release|Any CPU.ActiveCfg = Release|Any CPU
		{0452E0EE-14E4-4634-977B-3F63C39E300E}.Release|Any CPU.Build.0 = Release|Any CPU
		{0452E0EE-14E4-4634-977B-3F63C39E300E}.Release|x86.ActiveCfg = Release|Any CPU
	EndGlobalSection
	GlobalSection(SolutionProperties) = preSolution
		HideSolutionNode = FALSE
	EndGlobalSection
EndGlobal
